// !$*UTF8*$!
{
	archiveVersion = 1;
	classes = {
	};
	objectVersion = 56;
	objects = {

/* Begin PBXBuildFile section */
		1F4238472A53395500B5A040 /* AppDelegate.swift in Sources */ = {isa = PBXBuildFile; fileRef = 1F4238462A53395500B5A040 /* AppDelegate.swift */; };
		1F4238492A53395500B5A040 /* SceneDelegate.swift in Sources */ = {isa = PBXBuildFile; fileRef = 1F4238482A53395500B5A040 /* SceneDelegate.swift */; };
		1F42384B2A53395500B5A040 /* ViewController.swift in Sources */ = {isa = PBXBuildFile; fileRef = 1F42384A2A53395500B5A040 /* ViewController.swift */; };
		1F42384E2A53395500B5A040 /* Main.storyboard in Resources */ = {isa = PBXBuildFile; fileRef = 1F42384C2A53395500B5A040 /* Main.storyboard */; };
		1F4238512A53395500B5A040 /* StarWars_POC.xcdatamodeld in Sources */ = {isa = PBXBuildFile; fileRef = 1F42384F2A53395500B5A040 /* StarWars_POC.xcdatamodeld */; };
		1F4238532A53395700B5A040 /* Assets.xcassets in Resources */ = {isa = PBXBuildFile; fileRef = 1F4238522A53395700B5A040 /* Assets.xcassets */; };
		1F4238562A53395700B5A040 /* LaunchScreen.storyboard in Resources */ = {isa = PBXBuildFile; fileRef = 1F4238542A53395700B5A040 /* LaunchScreen.storyboard */; };
		1F4238622A5356EB00B5A040 /* StarView.swift in Sources */ = {isa = PBXBuildFile; fileRef = 1F4238612A5356EB00B5A040 /* StarView.swift */; };
		1F4238652A5357BD00B5A040 /* Animation.swift in Sources */ = {isa = PBXBuildFile; fileRef = 1F4238642A5357BD00B5A040 /* Animation.swift */; };
		1F4238682A5359C700B5A040 /* HomeCell.swift in Sources */ = {isa = PBXBuildFile; fileRef = 1F4238662A5359C600B5A040 /* HomeCell.swift */; };
		1F4238692A5359C700B5A040 /* HomeCell.xib in Resources */ = {isa = PBXBuildFile; fileRef = 1F4238672A5359C600B5A040 /* HomeCell.xib */; };
		1F42386C2A537E6300B5A040 /* Globals.swift in Sources */ = {isa = PBXBuildFile; fileRef = 1F42386B2A537E6300B5A040 /* Globals.swift */; };
		1F42386F2A53848C00B5A040 /* CharacterList.swift in Sources */ = {isa = PBXBuildFile; fileRef = 1F42386E2A53848C00B5A040 /* CharacterList.swift */; };
		1F4238712A5384A000B5A040 /* CharacterListSB.storyboard in Resources */ = {isa = PBXBuildFile; fileRef = 1F4238702A5384A000B5A040 /* CharacterListSB.storyboard */; };
		1F4238742A53859200B5A040 /* NavigationVc.swift in Sources */ = {isa = PBXBuildFile; fileRef = 1F4238732A53859200B5A040 /* NavigationVc.swift */; };
		1F4238772A53887A00B5A040 /* API.swift in Sources */ = {isa = PBXBuildFile; fileRef = 1F4238762A53887A00B5A040 /* API.swift */; };
		1F42387A2A53896C00B5A040 /* CharacterStruct.swift in Sources */ = {isa = PBXBuildFile; fileRef = 1F4238792A53896C00B5A040 /* CharacterStruct.swift */; };
		1F42387C2A538C1F00B5A040 /* Alerts.swift in Sources */ = {isa = PBXBuildFile; fileRef = 1F42387B2A538C1F00B5A040 /* Alerts.swift */; };
		51F7B11C9BE1EF9DBFE7907A /* Pods_StarWars_POC.framework in Frameworks */ = {isa = PBXBuildFile; fileRef = A804F7F80D449755E2D79064 /* Pods_StarWars_POC.framework */; };
/* End PBXBuildFile section */

/* Begin PBXFileReference section */
		1F4238432A53395500B5A040 /* StarWars_POC.app */ = {isa = PBXFileReference; explicitFileType = wrapper.application; includeInIndex = 0; path = StarWars_POC.app; sourceTree = BUILT_PRODUCTS_DIR; };
		1F4238462A53395500B5A040 /* AppDelegate.swift */ = {isa = PBXFileReference; lastKnownFileType = sourcecode.swift; path = AppDelegate.swift; sourceTree = "<group>"; };
		1F4238482A53395500B5A040 /* SceneDelegate.swift */ = {isa = PBXFileReference; lastKnownFileType = sourcecode.swift; path = SceneDelegate.swift; sourceTree = "<group>"; };
		1F42384A2A53395500B5A040 /* ViewController.swift */ = {isa = PBXFileReference; lastKnownFileType = sourcecode.swift; path = ViewController.swift; sourceTree = "<group>"; };
		1F42384D2A53395500B5A040 /* Base */ = {isa = PBXFileReference; lastKnownFileType = file.storyboard; name = Base; path = Base.lproj/Main.storyboard; sourceTree = "<group>"; };
		1F4238502A53395500B5A040 /* StarWars_POC.xcdatamodel */ = {isa = PBXFileReference; lastKnownFileType = wrapper.xcdatamodel; path = StarWars_POC.xcdatamodel; sourceTree = "<group>"; };
		1F4238522A53395700B5A040 /* Assets.xcassets */ = {isa = PBXFileReference; lastKnownFileType = folder.assetcatalog; path = Assets.xcassets; sourceTree = "<group>"; };
		1F4238552A53395700B5A040 /* Base */ = {isa = PBXFileReference; lastKnownFileType = file.storyboard; name = Base; path = Base.lproj/LaunchScreen.storyboard; sourceTree = "<group>"; };
		1F4238572A53395700B5A040 /* Info.plist */ = {isa = PBXFileReference; lastKnownFileType = text.plist.xml; path = Info.plist; sourceTree = "<group>"; };
		1F4238612A5356EB00B5A040 /* StarView.swift */ = {isa = PBXFileReference; lastKnownFileType = sourcecode.swift; path = StarView.swift; sourceTree = "<group>"; };
		1F4238642A5357BD00B5A040 /* Animation.swift */ = {isa = PBXFileReference; lastKnownFileType = sourcecode.swift; path = Animation.swift; sourceTree = "<group>"; };
		1F4238662A5359C600B5A040 /* HomeCell.swift */ = {isa = PBXFileReference; lastKnownFileType = sourcecode.swift; path = HomeCell.swift; sourceTree = "<group>"; };
		1F4238672A5359C600B5A040 /* HomeCell.xib */ = {isa = PBXFileReference; lastKnownFileType = file.xib; path = HomeCell.xib; sourceTree = "<group>"; };
		1F42386B2A537E6300B5A040 /* Globals.swift */ = {isa = PBXFileReference; lastKnownFileType = sourcecode.swift; path = Globals.swift; sourceTree = "<group>"; };
		1F42386E2A53848C00B5A040 /* CharacterList.swift */ = {isa = PBXFileReference; lastKnownFileType = sourcecode.swift; path = CharacterList.swift; sourceTree = "<group>"; };
		1F4238702A5384A000B5A040 /* CharacterListSB.storyboard */ = {isa = PBXFileReference; lastKnownFileType = file.storyboard; path = CharacterListSB.storyboard; sourceTree = "<group>"; };
		1F4238732A53859200B5A040 /* NavigationVc.swift */ = {isa = PBXFileReference; lastKnownFileType = sourcecode.swift; path = NavigationVc.swift; sourceTree = "<group>"; };
		1F4238762A53887A00B5A040 /* API.swift */ = {isa = PBXFileReference; lastKnownFileType = sourcecode.swift; path = API.swift; sourceTree = "<group>"; };
		1F4238792A53896C00B5A040 /* CharacterStruct.swift */ = {isa = PBXFileReference; lastKnownFileType = sourcecode.swift; path = CharacterStruct.swift; sourceTree = "<group>"; };
		1F42387B2A538C1F00B5A040 /* Alerts.swift */ = {isa = PBXFileReference; lastKnownFileType = sourcecode.swift; path = Alerts.swift; sourceTree = "<group>"; };
		A804F7F80D449755E2D79064 /* Pods_StarWars_POC.framework */ = {isa = PBXFileReference; explicitFileType = wrapper.framework; includeInIndex = 0; path = Pods_StarWars_POC.framework; sourceTree = BUILT_PRODUCTS_DIR; };
		C82955D01F373FA4122BF54B /* Pods-StarWars_POC.debug.xcconfig */ = {isa = PBXFileReference; includeInIndex = 1; lastKnownFileType = text.xcconfig; name = "Pods-StarWars_POC.debug.xcconfig"; path = "Target Support Files/Pods-StarWars_POC/Pods-StarWars_POC.debug.xcconfig"; sourceTree = "<group>"; };
		DED6318EA0C0A9328748CF44 /* Pods-StarWars_POC.release.xcconfig */ = {isa = PBXFileReference; includeInIndex = 1; lastKnownFileType = text.xcconfig; name = "Pods-StarWars_POC.release.xcconfig"; path = "Target Support Files/Pods-StarWars_POC/Pods-StarWars_POC.release.xcconfig"; sourceTree = "<group>"; };
/* End PBXFileReference section */

/* Begin PBXFrameworksBuildPhase section */
		1F4238402A53395500B5A040 /* Frameworks */ = {
			isa = PBXFrameworksBuildPhase;
			buildActionMask = 2147483647;
			files = (
				51F7B11C9BE1EF9DBFE7907A /* Pods_StarWars_POC.framework in Frameworks */,
			);
			runOnlyForDeploymentPostprocessing = 0;
		};
/* End PBXFrameworksBuildPhase section */

/* Begin PBXGroup section */
		1F42383A2A53395500B5A040 = {
			isa = PBXGroup;
			children = (
				1F4238782A53895B00B5A040 /* Models */,
				1F4238752A5387BC00B5A040 /* API */,
				1F4238452A53395500B5A040 /* StarWars_POC */,
				1F4238442A53395500B5A040 /* Products */,
				403403A3B6F575A1E24B748F /* Pods */,
				E5E460CC75F15279151E3041 /* Frameworks */,
			);
			sourceTree = "<group>";
		};
		1F4238442A53395500B5A040 /* Products */ = {
			isa = PBXGroup;
			children = (
				1F4238432A53395500B5A040 /* StarWars_POC.app */,
			);
			name = Products;
			sourceTree = "<group>";
		};
		1F4238452A53395500B5A040 /* StarWars_POC */ = {
			isa = PBXGroup;
			children = (
				1F4238722A53856E00B5A040 /* Navigation */,
				1F4238632A5357AC00B5A040 /* Animation */,
				1F4238602A5356D700B5A040 /* Helper */,
				1F42385F2A5340AE00B5A040 /* Home */,
				1F42385D2A53408200B5A040 /* AppDelegate */,
				1F4238522A53395700B5A040 /* Assets.xcassets */,
				1F4238542A53395700B5A040 /* LaunchScreen.storyboard */,
				1F4238572A53395700B5A040 /* Info.plist */,
				1F42384F2A53395500B5A040 /* StarWars_POC.xcdatamodeld */,
			);
			path = StarWars_POC;
			sourceTree = "<group>";
		};
		1F42385D2A53408200B5A040 /* AppDelegate */ = {
			isa = PBXGroup;
			children = (
				1F4238462A53395500B5A040 /* AppDelegate.swift */,
				1F4238482A53395500B5A040 /* SceneDelegate.swift */,
			);
			path = AppDelegate;
			sourceTree = "<group>";
		};
		1F42385F2A5340AE00B5A040 /* Home */ = {
			isa = PBXGroup;
			children = (
				1F42386D2A53841E00B5A040 /* Character */,
				1F42386A2A5359D000B5A040 /* HomeCell */,
				1F42384A2A53395500B5A040 /* ViewController.swift */,
				1F42384C2A53395500B5A040 /* Main.storyboard */,
			);
			path = Home;
			sourceTree = "<group>";
		};
		1F4238602A5356D700B5A040 /* Helper */ = {
			isa = PBXGroup;
			children = (
				1F4238612A5356EB00B5A040 /* StarView.swift */,
				1F42386B2A537E6300B5A040 /* Globals.swift */,
				1F42387B2A538C1F00B5A040 /* Alerts.swift */,
			);
			path = Helper;
			sourceTree = "<group>";
		};
		1F4238632A5357AC00B5A040 /* Animation */ = {
			isa = PBXGroup;
			children = (
				1F4238642A5357BD00B5A040 /* Animation.swift */,
			);
			path = Animation;
			sourceTree = "<group>";
		};
		1F42386A2A5359D000B5A040 /* HomeCell */ = {
			isa = PBXGroup;
			children = (
				1F4238662A5359C600B5A040 /* HomeCell.swift */,
				1F4238672A5359C600B5A040 /* HomeCell.xib */,
			);
			path = HomeCell;
			sourceTree = "<group>";
		};
		1F42386D2A53841E00B5A040 /* Character */ = {
			isa = PBXGroup;
			children = (
				1F42386E2A53848C00B5A040 /* CharacterList.swift */,
				1F4238702A5384A000B5A040 /* CharacterListSB.storyboard */,
			);
			path = Character;
			sourceTree = "<group>";
		};
		1F4238722A53856E00B5A040 /* Navigation */ = {
			isa = PBXGroup;
			children = (
				1F4238732A53859200B5A040 /* NavigationVc.swift */,
			);
			path = Navigation;
			sourceTree = "<group>";
		};
		1F4238752A5387BC00B5A040 /* API */ = {
			isa = PBXGroup;
			children = (
				1F4238762A53887A00B5A040 /* API.swift */,
			);
			path = API;
			sourceTree = "<group>";
		};
		1F4238782A53895B00B5A040 /* Models */ = {
			isa = PBXGroup;
			children = (
				1F4238792A53896C00B5A040 /* CharacterStruct.swift */,
			);
			path = Models;
			sourceTree = "<group>";
		};
		403403A3B6F575A1E24B748F /* Pods */ = {
			isa = PBXGroup;
			children = (
				C82955D01F373FA4122BF54B /* Pods-StarWars_POC.debug.xcconfig */,
				DED6318EA0C0A9328748CF44 /* Pods-StarWars_POC.release.xcconfig */,
			);
			path = Pods;
			sourceTree = "<group>";
		};
		E5E460CC75F15279151E3041 /* Frameworks */ = {
			isa = PBXGroup;
			children = (
				A804F7F80D449755E2D79064 /* Pods_StarWars_POC.framework */,
			);
			name = Frameworks;
			sourceTree = "<group>";
		};
/* End PBXGroup section */

/* Begin PBXNativeTarget section */
		1F4238422A53395500B5A040 /* StarWars_POC */ = {
			isa = PBXNativeTarget;
			buildConfigurationList = 1F42385A2A53395700B5A040 /* Build configuration list for PBXNativeTarget "StarWars_POC" */;
			buildPhases = (
				23CCAEB23996E35DC85FA72A /* [CP] Check Pods Manifest.lock */,
				1F42383F2A53395500B5A040 /* Sources */,
				1F4238402A53395500B5A040 /* Frameworks */,
				1F4238412A53395500B5A040 /* Resources */,
				FB58797066D39DC339EF8515 /* [CP] Embed Pods Frameworks */,
			);
			buildRules = (
			);
			dependencies = (
			);
			name = StarWars_POC;
			productName = StarWars_POC;
			productReference = 1F4238432A53395500B5A040 /* StarWars_POC.app */;
			productType = "com.apple.product-type.application";
		};
/* End PBXNativeTarget section */

/* Begin PBXProject section */
		1F42383B2A53395500B5A040 /* Project object */ = {
			isa = PBXProject;
			attributes = {
				BuildIndependentTargetsInParallel = 1;
				LastSwiftUpdateCheck = 1430;
				LastUpgradeCheck = 1430;
				TargetAttributes = {
					1F4238422A53395500B5A040 = {
						CreatedOnToolsVersion = 14.3.1;
					};
				};
			};
			buildConfigurationList = 1F42383E2A53395500B5A040 /* Build configuration list for PBXProject "StarWars_POC" */;
			compatibilityVersion = "Xcode 14.0";
			developmentRegion = en;
			hasScannedForEncodings = 0;
			knownRegions = (
				en,
				Base,
			);
			mainGroup = 1F42383A2A53395500B5A040;
			productRefGroup = 1F4238442A53395500B5A040 /* Products */;
			projectDirPath = "";
			projectRoot = "";
			targets = (
				1F4238422A53395500B5A040 /* StarWars_POC */,
			);
		};
/* End PBXProject section */

/* Begin PBXResourcesBuildPhase section */
		1F4238412A53395500B5A040 /* Resources */ = {
			isa = PBXResourcesBuildPhase;
			buildActionMask = 2147483647;
			files = (
				1F4238562A53395700B5A040 /* LaunchScreen.storyboard in Resources */,
				1F4238532A53395700B5A040 /* Assets.xcassets in Resources */,
				1F4238712A5384A000B5A040 /* CharacterListSB.storyboard in Resources */,
				1F42384E2A53395500B5A040 /* Main.storyboard in Resources */,
				1F4238692A5359C700B5A040 /* HomeCell.xib in Resources */,
			);
			runOnlyForDeploymentPostprocessing = 0;
		};
/* End PBXResourcesBuildPhase section */

/* Begin PBXShellScriptBuildPhase section */
		23CCAEB23996E35DC85FA72A /* [CP] Check Pods Manifest.lock */ = {
			isa = PBXShellScriptBuildPhase;
			buildActionMask = 2147483647;
			files = (
			);
			inputFileListPaths = (
			);
			inputPaths = (
				"${PODS_PODFILE_DIR_PATH}/Podfile.lock",
				"${PODS_ROOT}/Manifest.lock",
			);
			name = "[CP] Check Pods Manifest.lock";
			outputFileListPaths = (
			);
			outputPaths = (
				"$(DERIVED_FILE_DIR)/Pods-StarWars_POC-checkManifestLockResult.txt",
			);
			runOnlyForDeploymentPostprocessing = 0;
			shellPath = /bin/sh;
			shellScript = "diff \"${PODS_PODFILE_DIR_PATH}/Podfile.lock\" \"${PODS_ROOT}/Manifest.lock\" > /dev/null\nif [ $? != 0 ] ; then\n    # print error to STDERR\n    echo \"error: The sandbox is not in sync with the Podfile.lock. Run 'pod install' or update your CocoaPods installation.\" >&2\n    exit 1\nfi\n# This output is used by Xcode 'outputs' to avoid re-running this script phase.\necho \"SUCCESS\" > \"${SCRIPT_OUTPUT_FILE_0}\"\n";
			showEnvVarsInLog = 0;
		};
		FB58797066D39DC339EF8515 /* [CP] Embed Pods Frameworks */ = {
			isa = PBXShellScriptBuildPhase;
			buildActionMask = 2147483647;
			files = (
			);
			inputFileListPaths = (
				"${PODS_ROOT}/Target Support Files/Pods-StarWars_POC/Pods-StarWars_POC-frameworks-${CONFIGURATION}-input-files.xcfilelist",
			);
			name = "[CP] Embed Pods Frameworks";
			outputFileListPaths = (
				"${PODS_ROOT}/Target Support Files/Pods-StarWars_POC/Pods-StarWars_POC-frameworks-${CONFIGURATION}-output-files.xcfilelist",
			);
			runOnlyForDeploymentPostprocessing = 0;
			shellPath = /bin/sh;
			shellScript = "\"${PODS_ROOT}/Target Support Files/Pods-StarWars_POC/Pods-StarWars_POC-frameworks.sh\"\n";
			showEnvVarsInLog = 0;
		};
/* End PBXShellScriptBuildPhase section */

/* Begin PBXSourcesBuildPhase section */
		1F42383F2A53395500B5A040 /* Sources */ = {
			isa = PBXSourcesBuildPhase;
			buildActionMask = 2147483647;
			files = (
				1F4238772A53887A00B5A040 /* API.swift in Sources */,
				1F42384B2A53395500B5A040 /* ViewController.swift in Sources */,
				1F4238512A53395500B5A040 /* StarWars_POC.xcdatamodeld in Sources */,
				1F4238742A53859200B5A040 /* NavigationVc.swift in Sources */,
				1F4238472A53395500B5A040 /* AppDelegate.swift in Sources */,
				1F4238622A5356EB00B5A040 /* StarView.swift in Sources */,
				1F4238682A5359C700B5A040 /* HomeCell.swift in Sources */,
				1F4238652A5357BD00B5A040 /* Animation.swift in Sources */,
				1F42387C2A538C1F00B5A040 /* Alerts.swift in Sources */,
				1F42386F2A53848C00B5A040 /* CharacterList.swift in Sources */,
				1F4238492A53395500B5A040 /* SceneDelegate.swift in Sources */,
				1F42387A2A53896C00B5A040 /* CharacterStruct.swift in Sources */,
				1F42386C2A537E6300B5A040 /* Globals.swift in Sources */,
			);
			runOnlyForDeploymentPostprocessing = 0;
		};
/* End PBXSourcesBuildPhase section */

/* Begin PBXVariantGroup section */
		1F42384C2A53395500B5A040 /* Main.storyboard */ = {
			isa = PBXVariantGroup;
			children = (
				1F42384D2A53395500B5A040 /* Base */,
			);
			name = Main.storyboard;
			sourceTree = "<group>";
		};
		1F4238542A53395700B5A040 /* LaunchScreen.storyboard */ = {
			isa = PBXVariantGroup;
			children = (
				1F4238552A53395700B5A040 /* Base */,
			);
			name = LaunchScreen.storyboard;
			sourceTree = "<group>";
		};
/* End PBXVariantGroup section */

/* Begin XCBuildConfiguration section */
		1F4238582A53395700B5A040 /* Debug */ = {
			isa = XCBuildConfiguration;
			buildSettings = {
				ALWAYS_SEARCH_USER_PATHS = NO;
				CLANG_ANALYZER_NONNULL = YES;
				CLANG_ANALYZER_NUMBER_OBJECT_CONVERSION = YES_AGGRESSIVE;
				CLANG_CXX_LANGUAGE_STANDARD = "gnu++20";
				CLANG_ENABLE_MODULES = YES;
				CLANG_ENABLE_OBJC_ARC = YES;
				CLANG_ENABLE_OBJC_WEAK = YES;
				CLANG_WARN_BLOCK_CAPTURE_AUTORELEASING = YES;
				CLANG_WARN_BOOL_CONVERSION = YES;
				CLANG_WARN_COMMA = YES;
				CLANG_WARN_CONSTANT_CONVERSION = YES;
				CLANG_WARN_DEPRECATED_OBJC_IMPLEMENTATIONS = YES;
				CLANG_WARN_DIRECT_OBJC_ISA_USAGE = YES_ERROR;
				CLANG_WARN_DOCUMENTATION_COMMENTS = YES;
				CLANG_WARN_EMPTY_BODY = YES;
				CLANG_WARN_ENUM_CONVERSION = YES;
				CLANG_WARN_INFINITE_RECURSION = YES;
				CLANG_WARN_INT_CONVERSION = YES;
				CLANG_WARN_NON_LITERAL_NULL_CONVERSION = YES;
				CLANG_WARN_OBJC_IMPLICIT_RETAIN_SELF = YES;
				CLANG_WARN_OBJC_LITERAL_CONVERSION = YES;
				CLANG_WARN_OBJC_ROOT_CLASS = YES_ERROR;
				CLANG_WARN_QUOTED_INCLUDE_IN_FRAMEWORK_HEADER = YES;
				CLANG_WARN_RANGE_LOOP_ANALYSIS = YES;
				CLANG_WARN_STRICT_PROTOTYPES = YES;
				CLANG_WARN_SUSPICIOUS_MOVE = YES;
				CLANG_WARN_UNGUARDED_AVAILABILITY = YES_AGGRESSIVE;
				CLANG_WARN_UNREACHABLE_CODE = YES;
				CLANG_WARN__DUPLICATE_METHOD_MATCH = YES;
				COPY_PHASE_STRIP = NO;
				DEBUG_INFORMATION_FORMAT = dwarf;
				ENABLE_STRICT_OBJC_MSGSEND = YES;
				ENABLE_TESTABILITY = YES;
				GCC_C_LANGUAGE_STANDARD = gnu11;
				GCC_DYNAMIC_NO_PIC = NO;
				GCC_NO_COMMON_BLOCKS = YES;
				GCC_OPTIMIZATION_LEVEL = 0;
				GCC_PREPROCESSOR_DEFINITIONS = (
					"DEBUG=1",
					"$(inherited)",
				);
				GCC_WARN_64_TO_32_BIT_CONVERSION = YES;
				GCC_WARN_ABOUT_RETURN_TYPE = YES_ERROR;
				GCC_WARN_UNDECLARED_SELECTOR = YES;
				GCC_WARN_UNINITIALIZED_AUTOS = YES_AGGRESSIVE;
				GCC_WARN_UNUSED_FUNCTION = YES;
				GCC_WARN_UNUSED_VARIABLE = YES;
				IPHONEOS_DEPLOYMENT_TARGET = 16.4;
				MTL_ENABLE_DEBUG_INFO = INCLUDE_SOURCE;
				MTL_FAST_MATH = YES;
				ONLY_ACTIVE_ARCH = YES;
				SDKROOT = iphoneos;
				SWIFT_ACTIVE_COMPILATION_CONDITIONS = DEBUG;
				SWIFT_OPTIMIZATION_LEVEL = "-Onone";
			};
			name = Debug;
		};
		1F4238592A53395700B5A040 /* Release */ = {
			isa = XCBuildConfiguration;
			buildSettings = {
				ALWAYS_SEARCH_USER_PATHS = NO;
				CLANG_ANALYZER_NONNULL = YES;
				CLANG_ANALYZER_NUMBER_OBJECT_CONVERSION = YES_AGGRESSIVE;
				CLANG_CXX_LANGUAGE_STANDARD = "gnu++20";
				CLANG_ENABLE_MODULES = YES;
				CLANG_ENABLE_OBJC_ARC = YES;
				CLANG_ENABLE_OBJC_WEAK = YES;
				CLANG_WARN_BLOCK_CAPTURE_AUTORELEASING = YES;
				CLANG_WARN_BOOL_CONVERSION = YES;
				CLANG_WARN_COMMA = YES;
				CLANG_WARN_CONSTANT_CONVERSION = YES;
				CLANG_WARN_DEPRECATED_OBJC_IMPLEMENTATIONS = YES;
				CLANG_WARN_DIRECT_OBJC_ISA_USAGE = YES_ERROR;
				CLANG_WARN_DOCUMENTATION_COMMENTS = YES;
				CLANG_WARN_EMPTY_BODY = YES;
				CLANG_WARN_ENUM_CONVERSION = YES;
				CLANG_WARN_INFINITE_RECURSION = YES;
				CLANG_WARN_INT_CONVERSION = YES;
				CLANG_WARN_NON_LITERAL_NULL_CONVERSION = YES;
				CLANG_WARN_OBJC_IMPLICIT_RETAIN_SELF = YES;
				CLANG_WARN_OBJC_LITERAL_CONVERSION = YES;
				CLANG_WARN_OBJC_ROOT_CLASS = YES_ERROR;
				CLANG_WARN_QUOTED_INCLUDE_IN_FRAMEWORK_HEADER = YES;
				CLANG_WARN_RANGE_LOOP_ANALYSIS = YES;
				CLANG_WARN_STRICT_PROTOTYPES = YES;
				CLANG_WARN_SUSPICIOUS_MOVE = YES;
				CLANG_WARN_UNGUARDED_AVAILABILITY = YES_AGGRESSIVE;
				CLANG_WARN_UNREACHABLE_CODE = YES;
				CLANG_WARN__DUPLICATE_METHOD_MATCH = YES;
				COPY_PHASE_STRIP = NO;
				DEBUG_INFORMATION_FORMAT = "dwarf-with-dsym";
				ENABLE_NS_ASSERTIONS = NO;
				ENABLE_STRICT_OBJC_MSGSEND = YES;
				GCC_C_LANGUAGE_STANDARD = gnu11;
				GCC_NO_COMMON_BLOCKS = YES;
				GCC_WARN_64_TO_32_BIT_CONVERSION = YES;
				GCC_WARN_ABOUT_RETURN_TYPE = YES_ERROR;
				GCC_WARN_UNDECLARED_SELECTOR = YES;
				GCC_WARN_UNINITIALIZED_AUTOS = YES_AGGRESSIVE;
				GCC_WARN_UNUSED_FUNCTION = YES;
				GCC_WARN_UNUSED_VARIABLE = YES;
				IPHONEOS_DEPLOYMENT_TARGET = 16.4;
				MTL_ENABLE_DEBUG_INFO = NO;
				MTL_FAST_MATH = YES;
				SDKROOT = iphoneos;
				SWIFT_COMPILATION_MODE = wholemodule;
				SWIFT_OPTIMIZATION_LEVEL = "-O";
				VALIDATE_PRODUCT = YES;
			};
			name = Release;
		};
		1F42385B2A53395700B5A040 /* Debug */ = {
			isa = XCBuildConfiguration;
			baseConfigurationReference = C82955D01F373FA4122BF54B /* Pods-StarWars_POC.debug.xcconfig */;
			buildSettings = {
				ASSETCATALOG_COMPILER_APPICON_NAME = AppIcon;
				ASSETCATALOG_COMPILER_GLOBAL_ACCENT_COLOR_NAME = AccentColor;
				CODE_SIGN_STYLE = Automatic;
				CURRENT_PROJECT_VERSION = 1;
				DEVELOPMENT_TEAM = JF53T7KLBG;
				GENERATE_INFOPLIST_FILE = YES;
				INFOPLIST_FILE = StarWars_POC/Info.plist;
				INFOPLIST_KEY_UIApplicationSupportsIndirectInputEvents = YES;
				INFOPLIST_KEY_UILaunchStoryboardName = LaunchScreen;
				INFOPLIST_KEY_UIMainStoryboardFile = Main;
				INFOPLIST_KEY_UISupportedInterfaceOrientations_iPad = "UIInterfaceOrientationPortrait UIInterfaceOrientationPortraitUpsideDown UIInterfaceOrientationLandscapeLeft UIInterfaceOrientationLandscapeRight";
				INFOPLIST_KEY_UISupportedInterfaceOrientations_iPhone = "UIInterfaceOrientationPortrait UIInterfaceOrientationLandscapeLeft UIInterfaceOrientationLandscapeRight";
				LD_RUNPATH_SEARCH_PATHS = (
					"$(inherited)",
					"@executable_path/Frameworks",
				);
				MARKETING_VERSION = 1.0;
				PRODUCT_BUNDLE_IDENTIFIER = "com.fab.StarWars-POC";
				PRODUCT_NAME = "$(TARGET_NAME)";
				SWIFT_EMIT_LOC_STRINGS = YES;
				SWIFT_VERSION = 5.0;
				TARGETED_DEVICE_FAMILY = "1,2";
			};
			name = Debug;
		};
		1F42385C2A53395700B5A040 /* Release */ = {
			isa = XCBuildConfiguration;
			baseConfigurationReference = DED6318EA0C0A9328748CF44 /* Pods-StarWars_POC.release.xcconfig */;
			buildSettings = {
				ASSETCATALOG_COMPILER_APPICON_NAME = AppIcon;
				ASSETCATALOG_COMPILER_GLOBAL_ACCENT_COLOR_NAME = AccentColor;
				CODE_SIGN_STYLE = Automatic;
				CURRENT_PROJECT_VERSION = 1;
				DEVELOPMENT_TEAM = JF53T7KLBG;
				GENERATE_INFOPLIST_FILE = YES;
				INFOPLIST_FILE = StarWars_POC/Info.plist;
				INFOPLIST_KEY_UIApplicationSupportsIndirectInputEvents = YES;
				INFOPLIST_KEY_UILaunchStoryboardName = LaunchScreen;
				INFOPLIST_KEY_UIMainStoryboardFile = Main;
				INFOPLIST_KEY_UISupportedInterfaceOrientations_iPad = "UIInterfaceOrientationPortrait UIInterfaceOrientationPortraitUpsideDown UIInterfaceOrientationLandscapeLeft UIInterfaceOrientationLandscapeRight";
				INFOPLIST_KEY_UISupportedInterfaceOrientations_iPhone = "UIInterfaceOrientationPortrait UIInterfaceOrientationLandscapeLeft UIInterfaceOrientationLandscapeRight";
				LD_RUNPATH_SEARCH_PATHS = (
					"$(inherited)",
					"@executable_path/Frameworks",
				);
				MARKETING_VERSION = 1.0;
				PRODUCT_BUNDLE_IDENTIFIER = "com.fab.StarWars-POC";
				PRODUCT_NAME = "$(TARGET_NAME)";
				SWIFT_EMIT_LOC_STRINGS = YES;
				SWIFT_VERSION = 5.0;
				TARGETED_DEVICE_FAMILY = "1,2";
			};
			name = Release;
		};
/* End XCBuildConfiguration section */

/* Begin XCConfigurationList section */
		1F42383E2A53395500B5A040 /* Build configuration list for PBXProject "StarWars_POC" */ = {
			isa = XCConfigurationList;
			buildConfigurations = (
				1F4238582A53395700B5A040 /* Debug */,
				1F4238592A53395700B5A040 /* Release */,
			);
			defaultConfigurationIsVisible = 0;
			defaultConfigurationName = Release;
		};
		1F42385A2A53395700B5A040 /* Build configuration list for PBXNativeTarget "StarWars_POC" */ = {
			isa = XCConfigurationList;
			buildConfigurations = (
				1F42385B2A53395700B5A040 /* Debug */,
				1F42385C2A53395700B5A040 /* Release */,
			);
			defaultConfigurationIsVisible = 0;
			defaultConfigurationName = Release;
		};
/* End XCConfigurationList section */

/* Begin XCVersionGroup section */
		1F42384F2A53395500B5A040 /* StarWars_POC.xcdatamodeld */ = {
			isa = XCVersionGroup;
			children = (
				1F4238502A53395500B5A040 /* StarWars_POC.xcdatamodel */,
			);
			currentVersion = 1F4238502A53395500B5A040 /* StarWars_POC.xcdatamodel */;
			path = StarWars_POC.xcdatamodeld;
			sourceTree = "<group>";
			versionGroupType = wrapper.xcdatamodel;
		};
/* End XCVersionGroup section */
	};
	rootObject = 1F42383B2A53395500B5A040 /* Project object */;
}
