// !$*UTF8*$!
{
	archiveVersion = 1;
	classes = {
	};
	objectVersion = 56;
	objects = {

/* Begin PBXBuildFile section */
		1F4238472A53395500B5A040 /* AppDelegate.swift in Sources */ = {isa = PBXBuildFile; fileRef = 1F4238462A53395500B5A040 /* AppDelegate.swift */; };
		1F4238492A53395500B5A040 /* SceneDelegate.swift in Sources */ = {isa = PBXBuildFile; fileRef = 1F4238482A53395500B5A040 /* SceneDelegate.swift */; };
		1F42384B2A53395500B5A040 /* ViewController.swift in Sources */ = {isa = PBXBuildFile; fileRef = 1F42384A2A53395500B5A040 /* ViewController.swift */; };
		1F42384E2A53395500B5A040 /* Main.storyboard in Resources */ = {isa = PBXBuildFile; fileRef = 1F42384C2A53395500B5A040 /* Main.storyboard */; };
		1F4238512A53395500B5A040 /* StarWars_POC.xcdatamodeld in Sources */ = {isa = PBXBuildFile; fileRef = 1F42384F2A53395500B5A040 /* StarWars_POC.xcdatamodeld */; };
		1F4238532A53395700B5A040 /* Assets.xcassets in Resources */ = {isa = PBXBuildFile; fileRef = 1F4238522A53395700B5A040 /* Assets.xcassets */; };
		1F4238562A53395700B5A040 /* LaunchScreen.storyboard in Resources */ = {isa = PBXBuildFile; fileRef = 1F4238542A53395700B5A040 /* LaunchScreen.storyboard */; };
/* End PBXBuildFile section */

/* Begin PBXFileReference section */
		1F4238432A53395500B5A040 /* StarWars_POC.app */ = {isa = PBXFileReference; explicitFileType = wrapper.application; includeInIndex = 0; path = StarWars_POC.app; sourceTree = BUILT_PRODUCTS_DIR; };
		1F4238462A53395500B5A040 /* AppDelegate.swift */ = {isa = PBXFileReference; lastKnownFileType = sourcecode.swift; path = AppDelegate.swift; sourceTree = "<group>"; };
		1F4238482A53395500B5A040 /* SceneDelegate.swift */ = {isa = PBXFileReference; lastKnownFileType = sourcecode.swift; path = SceneDelegate.swift; sourceTree = "<group>"; };
		1F42384A2A53395500B5A040 /* ViewController.swift */ = {isa = PBXFileReference; lastKnownFileType = sourcecode.swift; path = ViewController.swift; sourceTree = "<group>"; };
		1F42384D2A53395500B5A040 /* Base */ = {isa = PBXFileReference; lastKnownFileType = file.storyboard; name = Base; path = Base.lproj/Main.storyboard; sourceTree = "<group>"; };
		1F4238502A53395500B5A040 /* StarWars_POC.xcdatamodel */ = {isa = PBXFileReference; lastKnownFileType = wrapper.xcdatamodel; path = StarWars_POC.xcdatamodel; sourceTree = "<group>"; };
		1F4238522A53395700B5A040 /* Assets.xcassets */ = {isa = PBXFileReference; lastKnownFileType = folder.assetcatalog; path = Assets.xcassets; sourceTree = "<group>"; };
		1F4238552A53395700B5A040 /* Base */ = {isa = PBXFileReference; lastKnownFileType = file.storyboard; name = Base; path = Base.lproj/LaunchScreen.storyboard; sourceTree = "<group>"; };
		1F4238572A53395700B5A040 /* Info.plist */ = {isa = PBXFileReference; lastKnownFileType = text.plist.xml; path = Info.plist; sourceTree = "<group>"; };
/* End PBXFileReference section */

/* Begin PBXFrameworksBuildPhase section */
		1F4238402A53395500B5A040 /* Frameworks */ = {
			isa = PBXFrameworksBuildPhase;
			buildActionMask = 2147483647;
			files = (
			);
			runOnlyForDeploymentPostprocessing = 0;
		};
/* End PBXFrameworksBuildPhase section */

/* Begin PBXGroup section */
		1F42383A2A53395500B5A040 = {
			isa = PBXGroup;
			children = (
				1F4238452A53395500B5A040 /* StarWars_POC */,
				1F4238442A53395500B5A040 /* Products */,
			);
			sourceTree = "<group>";
		};
		1F4238442A53395500B5A040 /* Products */ = {
			isa = PBXGroup;
			children = (
				1F4238432A53395500B5A040 /* StarWars_POC.app */,
			);
			name = Products;
			sourceTree = "<group>";
		};
		1F4238452A53395500B5A040 /* StarWars_POC */ = {
			isa = PBXGroup;
			children = (
				1F42385F2A5340AE00B5A040 /* Home */,
				1F42385D2A53408200B5A040 /* AppDelegate */,
				1F42384A2A53395500B5A040 /* ViewController.swift */,
				1F42384C2A53395500B5A040 /* Main.storyboard */,
				1F4238522A53395700B5A040 /* Assets.xcassets */,
				1F4238542A53395700B5A040 /* LaunchScreen.storyboard */,
				1F4238572A53395700B5A040 /* Info.plist */,
				1F42384F2A53395500B5A040 /* StarWars_POC.xcdatamodeld */,
			);
			path = StarWars_POC;
			sourceTree = "<group>";
		};
		1F42385D2A53408200B5A040 /* AppDelegate */ = {
			isa = PBXGroup;
			children = (
				1F4238462A53395500B5A040 /* AppDelegate.swift */,
				1F4238482A53395500B5A040 /* SceneDelegate.swift */,
			);
			path = AppDelegate;
			sourceTree = "<group>";
		};
		1F42385F2A5340AE00B5A040 /* Home */ = {
			isa = PBXGroup;
			children = (
			);
			path = Home;
			sourceTree = "<group>";
		};
/* End PBXGroup section */

/* Begin PBXNativeTarget section */
		1F4238422A53395500B5A040 /* StarWars_POC */ = {
			isa = PBXNativeTarget;
			buildConfigurationList = 1F42385A2A53395700B5A040 /* Build configuration list for PBXNativeTarget "StarWars_POC" */;
			buildPhases = (
				1F42383F2A53395500B5A040 /* Sources */,
				1F4238402A53395500B5A040 /* Frameworks */,
				1F4238412A53395500B5A040 /* Resources */,
			);
			buildRules = (
			);
			dependencies = (
			);
			name = StarWars_POC;
			productName = StarWars_POC;
			productReference = 1F4238432A53395500B5A040 /* StarWars_POC.app */;
			productType = "com.apple.product-type.application";
		};
/* End PBXNativeTarget section */

/* Begin PBXProject section */
		1F42383B2A53395500B5A040 /* Project object */ = {
			isa = PBXProject;
			attributes = {
				BuildIndependentTargetsInParallel = 1;
				LastSwiftUpdateCheck = 1430;
				LastUpgradeCheck = 1430;
				TargetAttributes = {
					1F4238422A53395500B5A040 = {
						CreatedOnToolsVersion = 14.3.1;
					};
				};
			};
			buildConfigurationList = 1F42383E2A53395500B5A040 /* Build configuration list for PBXProject "StarWars_POC" */;
			compatibilityVersion = "Xcode 14.0";
			developmentRegion = en;
			hasScannedForEncodings = 0;
			knownRegions = (
				en,
				Base,
			);
			mainGroup = 1F42383A2A53395500B5A040;
			productRefGroup = 1F4238442A53395500B5A040 /* Products */;
			projectDirPath = "";
			projectRoot = "";
			targets = (
				1F4238422A53395500B5A040 /* StarWars_POC */,
			);
		};
/* End PBXProject section */

/* Begin PBXResourcesBuildPhase section */
		1F4238412A53395500B5A040 /* Resources */ = {
			isa = PBXResourcesBuildPhase;
			buildActionMask = 2147483647;
			files = (
				1F4238562A53395700B5A040 /* LaunchScreen.storyboard in Resources */,
				1F4238532A53395700B5A040 /* Assets.xcassets in Resources */,
				1F42384E2A53395500B5A040 /* Main.storyboard in Resources */,
			);
			runOnlyForDeploymentPostprocessing = 0;
		};
/* End PBXResourcesBuildPhase section */

/* Begin PBXSourcesBuildPhase section */
		1F42383F2A53395500B5A040 /* Sources */ = {
			isa = PBXSourcesBuildPhase;
			buildActionMask = 2147483647;
			files = (
				1F42384B2A53395500B5A040 /* ViewController.swift in Sources */,
				1F4238512A53395500B5A040 /* StarWars_POC.xcdatamodeld in Sources */,
				1F4238472A53395500B5A040 /* AppDelegate.swift in Sources */,
				1F4238492A53395500B5A040 /* SceneDelegate.swift in Sources */,
			);
			runOnlyForDeploymentPostprocessing = 0;
		};
/* End PBXSourcesBuildPhase section */

/* Begin PBXVariantGroup section */
		1F42384C2A53395500B5A040 /* Main.storyboard */ = {
			isa = PBXVariantGroup;
			children = (
				1F42384D2A53395500B5A040 /* Base */,
			);
			name = Main.storyboard;
			sourceTree = "<group>";
		};
		1F4238542A53395700B5A040 /* LaunchScreen.storyboard */ = {
			isa = PBXVariantGroup;
			children = (
				1F4238552A53395700B5A040 /* Base */,
			);
			name = LaunchScreen.storyboard;
			sourceTree = "<group>";
		};
/* End PBXVariantGroup section */

/* Begin XCBuildConfiguration section */
		1F4238582A53395700B5A040 /* Debug */ = {
			isa = XCBuildConfiguration;
			buildSettings = {
				ALWAYS_SEARCH_USER_PATHS = NO;
				CLANG_ANALYZER_NONNULL = YES;
				CLANG_ANALYZER_NUMBER_OBJECT_CONVERSION = YES_AGGRESSIVE;
				CLANG_CXX_LANGUAGE_STANDARD = "gnu++20";
				CLANG_ENABLE_MODULES = YES;
				CLANG_ENABLE_OBJC_ARC = YES;
				CLANG_ENABLE_OBJC_WEAK = YES;
				CLANG_WARN_BLOCK_CAPTURE_AUTORELEASING = YES;
				CLANG_WARN_BOOL_CONVERSION = YES;
				CLANG_WARN_COMMA = YES;
				CLANG_WARN_CONSTANT_CONVERSION = YES;
				CLANG_WARN_DEPRECATED_OBJC_IMPLEMENTATIONS = YES;
				CLANG_WARN_DIRECT_OBJC_ISA_USAGE = YES_ERROR;
				CLANG_WARN_DOCUMENTATION_COMMENTS = YES;
				CLANG_WARN_EMPTY_BODY = YES;
				CLANG_WARN_ENUM_CONVERSION = YES;
				CLANG_WARN_INFINITE_RECURSION = YES;
				CLANG_WARN_INT_CONVERSION = YES;
				CLANG_WARN_NON_LITERAL_NULL_CONVERSION = YES;
				CLANG_WARN_OBJC_IMPLICIT_RETAIN_SELF = YES;
				CLANG_WARN_OBJC_LITERAL_CONVERSION = YES;
				CLANG_WARN_OBJC_ROOT_CLASS = YES_ERROR;
				CLANG_WARN_QUOTED_INCLUDE_IN_FRAMEWORK_HEADER = YES;
				CLANG_WARN_RANGE_LOOP_ANALYSIS = YES;
				CLANG_WARN_STRICT_PROTOTYPES = YES;
				CLANG_WARN_SUSPICIOUS_MOVE = YES;
				CLANG_WARN_UNGUARDED_AVAILABILITY = YES_AGGRESSIVE;
				CLANG_WARN_UNREACHABLE_CODE = YES;
				CLANG_WARN__DUPLICATE_METHOD_MATCH = YES;
				COPY_PHASE_STRIP = NO;
				DEBUG_INFORMATION_FORMAT = dwarf;
				ENABLE_STRICT_OBJC_MSGSEND = YES;
				ENABLE_TESTABILITY = YES;
				GCC_C_LANGUAGE_STANDARD = gnu11;
				GCC_DYNAMIC_NO_PIC = NO;
				GCC_NO_COMMON_BLOCKS = YES;
				GCC_OPTIMIZATION_LEVEL = 0;
				GCC_PREPROCESSOR_DEFINITIONS = (
					"DEBUG=1",
					"$(inherited)",
				);
				GCC_WARN_64_TO_32_BIT_CONVERSION = YES;
				GCC_WARN_ABOUT_RETURN_TYPE = YES_ERROR;
				GCC_WARN_UNDECLARED_SELECTOR = YES;
				GCC_WARN_UNINITIALIZED_AUTOS = YES_AGGRESSIVE;
				GCC_WARN_UNUSED_FUNCTION = YES;
				GCC_WARN_UNUSED_VARIABLE = YES;
				IPHONEOS_DEPLOYMENT_TARGET = 16.4;
				MTL_ENABLE_DEBUG_INFO = INCLUDE_SOURCE;
				MTL_FAST_MATH = YES;
				ONLY_ACTIVE_ARCH = YES;
				SDKROOT = iphoneos;
				SWIFT_ACTIVE_COMPILATION_CONDITIONS = DEBUG;
				SWIFT_OPTIMIZATION_LEVEL = "-Onone";
			};
			name = Debug;
		};
		1F4238592A53395700B5A040 /* Release */ = {
			isa = XCBuildConfiguration;
			buildSettings = {
				ALWAYS_SEARCH_USER_PATHS = NO;
				CLANG_ANALYZER_NONNULL = YES;
				CLANG_ANALYZER_NUMBER_OBJECT_CONVERSION = YES_AGGRESSIVE;
				CLANG_CXX_LANGUAGE_STANDARD = "gnu++20";
				CLANG_ENABLE_MODULES = YES;
				CLANG_ENABLE_OBJC_ARC = YES;
				CLANG_ENABLE_OBJC_WEAK = YES;
				CLANG_WARN_BLOCK_CAPTURE_AUTORELEASING = YES;
				CLANG_WARN_BOOL_CONVERSION = YES;
				CLANG_WARN_COMMA = YES;
				CLANG_WARN_CONSTANT_CONVERSION = YES;
				CLANG_WARN_DEPRECATED_OBJC_IMPLEMENTATIONS = YES;
				CLANG_WARN_DIRECT_OBJC_ISA_USAGE = YES_ERROR;
				CLANG_WARN_DOCUMENTATION_COMMENTS = YES;
				CLANG_WARN_EMPTY_BODY = YES;
				CLANG_WARN_ENUM_CONVERSION = YES;
				CLANG_WARN_INFINITE_RECURSION = YES;
				CLANG_WARN_INT_CONVERSION = YES;
				CLANG_WARN_NON_LITERAL_NULL_CONVERSION = YES;
				CLANG_WARN_OBJC_IMPLICIT_RETAIN_SELF = YES;
				CLANG_WARN_OBJC_LITERAL_CONVERSION = YES;
				CLANG_WARN_OBJC_ROOT_CLASS = YES_ERROR;
				CLANG_WARN_QUOTED_INCLUDE_IN_FRAMEWORK_HEADER = YES;
				CLANG_WARN_RANGE_LOOP_ANALYSIS = YES;
				CLANG_WARN_STRICT_PROTOTYPES = YES;
				CLANG_WARN_SUSPICIOUS_MOVE = YES;
				CLANG_WARN_UNGUARDED_AVAILABILITY = YES_AGGRESSIVE;
				CLANG_WARN_UNREACHABLE_CODE = YES;
				CLANG_WARN__DUPLICATE_METHOD_MATCH = YES;
				COPY_PHASE_STRIP = NO;
				DEBUG_INFORMATION_FORMAT = "dwarf-with-dsym";
				ENABLE_NS_ASSERTIONS = NO;
				ENABLE_STRICT_OBJC_MSGSEND = YES;
				GCC_C_LANGUAGE_STANDARD = gnu11;
				GCC_NO_COMMON_BLOCKS = YES;
				GCC_WARN_64_TO_32_BIT_CONVERSION = YES;
				GCC_WARN_ABOUT_RETURN_TYPE = YES_ERROR;
				GCC_WARN_UNDECLARED_SELECTOR = YES;
				GCC_WARN_UNINITIALIZED_AUTOS = YES_AGGRESSIVE;
				GCC_WARN_UNUSED_FUNCTION = YES;
				GCC_WARN_UNUSED_VARIABLE = YES;
				IPHONEOS_DEPLOYMENT_TARGET = 16.4;
				MTL_ENABLE_DEBUG_INFO = NO;
				MTL_FAST_MATH = YES;
				SDKROOT = iphoneos;
				SWIFT_COMPILATION_MODE = wholemodule;
				SWIFT_OPTIMIZATION_LEVEL = "-O";
				VALIDATE_PRODUCT = YES;
			};
			name = Release;
		};
		1F42385B2A53395700B5A040 /* Debug */ = {
			isa = XCBuildConfiguration;
			buildSettings = {
				ASSETCATALOG_COMPILER_APPICON_NAME = AppIcon;
				ASSETCATALOG_COMPILER_GLOBAL_ACCENT_COLOR_NAME = AccentColor;
				CODE_SIGN_STYLE = Automatic;
				CURRENT_PROJECT_VERSION = 1;
				DEVELOPMENT_TEAM = JF53T7KLBG;
				GENERATE_INFOPLIST_FILE = YES;
				INFOPLIST_FILE = StarWars_POC/Info.plist;
				INFOPLIST_KEY_UIApplicationSupportsIndirectInputEvents = YES;
				INFOPLIST_KEY_UILaunchStoryboardName = LaunchScreen;
				INFOPLIST_KEY_UIMainStoryboardFile = Main;
				INFOPLIST_KEY_UISupportedInterfaceOrientations_iPad = "UIInterfaceOrientationPortrait UIInterfaceOrientationPortraitUpsideDown UIInterfaceOrientationLandscapeLeft UIInterfaceOrientationLandscapeRight";
				INFOPLIST_KEY_UISupportedInterfaceOrientations_iPhone = "UIInterfaceOrientationPortrait UIInterfaceOrientationLandscapeLeft UIInterfaceOrientationLandscapeRight";
				LD_RUNPATH_SEARCH_PATHS = (
					"$(inherited)",
					"@executable_path/Frameworks",
				);
				MARKETING_VERSION = 1.0;
				PRODUCT_BUNDLE_IDENTIFIER = "com.fab.StarWars-POC";
				PRODUCT_NAME = "$(TARGET_NAME)";
				SWIFT_EMIT_LOC_STRINGS = YES;
				SWIFT_VERSION = 5.0;
				TARGETED_DEVICE_FAMILY = "1,2";
			};
			name = Debug;
		};
		1F42385C2A53395700B5A040 /* Release */ = {
			isa = XCBuildConfiguration;
			buildSettings = {
				ASSETCATALOG_COMPILER_APPICON_NAME = AppIcon;
				ASSETCATALOG_COMPILER_GLOBAL_ACCENT_COLOR_NAME = AccentColor;
				CODE_SIGN_STYLE = Automatic;
				CURRENT_PROJECT_VERSION = 1;
				DEVELOPMENT_TEAM = JF53T7KLBG;
				GENERATE_INFOPLIST_FILE = YES;
				INFOPLIST_FILE = StarWars_POC/Info.plist;
				INFOPLIST_KEY_UIApplicationSupportsIndirectInputEvents = YES;
				INFOPLIST_KEY_UILaunchStoryboardName = LaunchScreen;
				INFOPLIST_KEY_UIMainStoryboardFile = Main;
				INFOPLIST_KEY_UISupportedInterfaceOrientations_iPad = "UIInterfaceOrientationPortrait UIInterfaceOrientationPortraitUpsideDown UIInterfaceOrientationLandscapeLeft UIInterfaceOrientationLandscapeRight";
				INFOPLIST_KEY_UISupportedInterfaceOrientations_iPhone = "UIInterfaceOrientationPortrait UIInterfaceOrientationLandscapeLeft UIInterfaceOrientationLandscapeRight";
				LD_RUNPATH_SEARCH_PATHS = (
					"$(inherited)",
					"@executable_path/Frameworks",
				);
				MARKETING_VERSION = 1.0;
				PRODUCT_BUNDLE_IDENTIFIER = "com.fab.StarWars-POC";
				PRODUCT_NAME = "$(TARGET_NAME)";
				SWIFT_EMIT_LOC_STRINGS = YES;
				SWIFT_VERSION = 5.0;
				TARGETED_DEVICE_FAMILY = "1,2";
			};
			name = Release;
		};
/* End XCBuildConfiguration section */

/* Begin XCConfigurationList section */
		1F42383E2A53395500B5A040 /* Build configuration list for PBXProject "StarWars_POC" */ = {
			isa = XCConfigurationList;
			buildConfigurations = (
				1F4238582A53395700B5A040 /* Debug */,
				1F4238592A53395700B5A040 /* Release */,
			);
			defaultConfigurationIsVisible = 0;
			defaultConfigurationName = Release;
		};
		1F42385A2A53395700B5A040 /* Build configuration list for PBXNativeTarget "StarWars_POC" */ = {
			isa = XCConfigurationList;
			buildConfigurations = (
				1F42385B2A53395700B5A040 /* Debug */,
				1F42385C2A53395700B5A040 /* Release */,
			);
			defaultConfigurationIsVisible = 0;
			defaultConfigurationName = Release;
		};
/* End XCConfigurationList section */

/* Begin XCVersionGroup section */
		1F42384F2A53395500B5A040 /* StarWars_POC.xcdatamodeld */ = {
			isa = XCVersionGroup;
			children = (
				1F4238502A53395500B5A040 /* StarWars_POC.xcdatamodel */,
			);
			currentVersion = 1F4238502A53395500B5A040 /* StarWars_POC.xcdatamodel */;
			path = StarWars_POC.xcdatamodeld;
			sourceTree = "<group>";
			versionGroupType = wrapper.xcdatamodel;
		};
/* End XCVersionGroup section */
	};
	rootObject = 1F42383B2A53395500B5A040 /* Project object */;
}
